<?xml version="1.0" encoding="utf-8"?>
<Project ToolsVersion="4.0" xmlns="http://schemas.microsoft.com/developer/msbuild/2003">
  <ItemGroup>
    <ClCompile Include="dllmain.cpp" />
    <ClCompile Include="Common\Settings.cpp">
      <Filter>Common</Filter>
    </ClCompile>
    <ClCompile Include="Common\Utils.cpp">
      <Filter>Common</Filter>
    </ClCompile>
    <ClCompile Include="Wrappers\wrapper.cpp">
      <Filter>Wrappers</Filter>
    </ClCompile>
    <ClCompile Include="External\d3d8to9\source\d3d8to9_base.cpp">
      <Filter>External\d3d8to9</Filter>
    </ClCompile>
    <ClCompile Include="External\d3d8to9\source\d3d8to9_device.cpp">
      <Filter>External\d3d8to9</Filter>
    </ClCompile>
    <ClCompile Include="External\d3d8to9\source\d3d8to9_index_buffer.cpp">
      <Filter>External\d3d8to9</Filter>
    </ClCompile>
    <ClCompile Include="External\d3d8to9\source\d3d8to9_surface.cpp">
      <Filter>External\d3d8to9</Filter>
    </ClCompile>
    <ClCompile Include="External\d3d8to9\source\d3d8to9_swap_chain.cpp">
      <Filter>External\d3d8to9</Filter>
    </ClCompile>
    <ClCompile Include="External\d3d8to9\source\d3d8to9_texture.cpp">
      <Filter>External\d3d8to9</Filter>
    </ClCompile>
    <ClCompile Include="External\d3d8to9\source\d3d8to9_vertex_buffer.cpp">
      <Filter>External\d3d8to9</Filter>
    </ClCompile>
    <ClCompile Include="External\d3d8to9\source\d3d8to9_volume.cpp">
      <Filter>External\d3d8to9</Filter>
    </ClCompile>
    <ClCompile Include="External\d3d8to9\source\d3d8types.cpp">
      <Filter>External\d3d8to9</Filter>
    </ClCompile>
    <ClCompile Include="Patches\PS2NoiseFilter.cpp">
      <Filter>Patches</Filter>
    </ClCompile>
    <ClCompile Include="Patches\NoCDPatch.cpp">
      <Filter>Patches</Filter>
    </ClCompile>
    <ClCompile Include="Patches\SfxPatch.cpp">
      <Filter>Patches</Filter>
    </ClCompile>
    <ClCompile Include="Wrappers\d3d8to9.cpp">
      <Filter>Wrappers</Filter>
    </ClCompile>
    <ClCompile Include="Patches\DrawDistance.cpp">
      <Filter>Patches</Filter>
    </ClCompile>
    <ClCompile Include="Patches\RowboatAnimation.cpp">
      <Filter>Patches</Filter>
    </ClCompile>
    <ClCompile Include="Common\LoadModules.cpp">
      <Filter>Common</Filter>
    </ClCompile>
    <ClCompile Include="Wrappers\d3d8\IDirect3D8.cpp">
      <Filter>Wrappers\d3d8</Filter>
    </ClCompile>
    <ClCompile Include="Wrappers\d3d8\IDirect3DCubeTexture8.cpp">
      <Filter>Wrappers\d3d8</Filter>
    </ClCompile>
    <ClCompile Include="Wrappers\d3d8\IDirect3DDevice8.cpp">
      <Filter>Wrappers\d3d8</Filter>
    </ClCompile>
    <ClCompile Include="Wrappers\d3d8\IDirect3DIndexBuffer8.cpp">
      <Filter>Wrappers\d3d8</Filter>
    </ClCompile>
    <ClCompile Include="Wrappers\d3d8\IDirect3DSurface8.cpp">
      <Filter>Wrappers\d3d8</Filter>
    </ClCompile>
    <ClCompile Include="Wrappers\d3d8\IDirect3DSwapChain8.cpp">
      <Filter>Wrappers\d3d8</Filter>
    </ClCompile>
    <ClCompile Include="Wrappers\d3d8\IDirect3DTexture8.cpp">
      <Filter>Wrappers\d3d8</Filter>
    </ClCompile>
    <ClCompile Include="Wrappers\d3d8\IDirect3DVertexBuffer8.cpp">
      <Filter>Wrappers\d3d8</Filter>
    </ClCompile>
    <ClCompile Include="Wrappers\d3d8\IDirect3DVolume8.cpp">
      <Filter>Wrappers\d3d8</Filter>
    </ClCompile>
    <ClCompile Include="Wrappers\d3d8\IDirect3DVolumeTexture8.cpp">
      <Filter>Wrappers\d3d8</Filter>
    </ClCompile>
    <ClCompile Include="Wrappers\d3d8\d3d8wrapper.cpp">
      <Filter>Wrappers\d3d8</Filter>
    </ClCompile>
    <ClCompile Include="Patches\CatacombsMeatRoom.cpp">
      <Filter>Patches</Filter>
    </ClCompile>
    <ClCompile Include="Patches\DisableRedCrossDuringCutscenes.cpp">
      <Filter>Patches</Filter>
    </ClCompile>
    <ClCompile Include="External\Hooking\Hook.cpp">
      <Filter>External\Hooking</Filter>
    </ClCompile>
    <ClCompile Include="External\Hooking\HotPatch.cpp">
      <Filter>External\Hooking</Filter>
    </ClCompile>
    <ClCompile Include="External\Hooking\IATPatch.cpp">
      <Filter>External\Hooking</Filter>
    </ClCompile>
    <ClCompile Include="Common\FileSystemHooks.cpp">
      <Filter>Common</Filter>
    </ClCompile>
    <ClCompile Include="Patches\Common.cpp">
      <Filter>Patches</Filter>
    </ClCompile>
    <ClCompile Include="Patches\FogAdjustments.cpp">
      <Filter>Patches</Filter>
    </ClCompile>
    <ClCompile Include="Patches\Fonts.cpp">
      <Filter>Patches</Filter>
    </ClCompile>
    <ClCompile Include="Patches\HotelWater.cpp">
      <Filter>Patches</Filter>
    </ClCompile>
    <ClCompile Include="Patches\Room312Shadow.cpp">
      <Filter>Patches</Filter>
    </ClCompile>
    <ClCompile Include="Patches\ClosetCutscene.cpp">
      <Filter>Patches</Filter>
    </ClCompile>
    <ClCompile Include="Patches\PistonRoom.cpp">
      <Filter>Patches</Filter>
    </ClCompile>
    <ClCompile Include="Patches\2TBHardDriveFix.cpp">
      <Filter>Patches</Filter>
    </ClCompile>
    <ClCompile Include="Patches\EnhancedFlashlight.cpp">
      <Filter>Patches</Filter>
    </ClCompile>
    <ClCompile Include="Patches\LightingTransition.cpp">
      <Filter>Patches</Filter>
    </ClCompile>
    <ClCompile Include="Patches\HospitalChase.cpp">
      <Filter>Patches</Filter>
    </ClCompile>
    <ClCompile Include="Patches\HangOnEsc.cpp">
      <Filter>Patches</Filter>
    </ClCompile>
    <ClCompile Include="Patches\Langs.cpp">
      <Filter>Patches</Filter>
    </ClCompile>
    <ClCompile Include="Wrappers\d3d8\InterfaceQuery.cpp">
      <Filter>Wrappers\d3d8</Filter>
    </ClCompile>
    <ClCompile Include="Patches\MainMenu.cpp">
      <Filter>Patches</Filter>
    </ClCompile>
    <ClCompile Include="Patches\Resolution.cpp">
      <Filter>Patches</Filter>
    </ClCompile>
    <ClCompile Include="Patches\GameLoad.cpp">
      <Filter>Patches</Filter>
    </ClCompile>
    <ClCompile Include="Patches\BloodSize.cpp">
      <Filter>Patches</Filter>
    </ClCompile>
    <ClCompile Include="Patches\CreatureVehicleSpawn.cpp">
      <Filter>Patches</Filter>
    </ClCompile>
    <ClCompile Include="Patches\PreventChainsawSpawn.cpp">
      <Filter>Patches</Filter>
    </ClCompile>
    <ClCompile Include="Patches\TexPatch.cpp">
      <Filter>Patches</Filter>
    </ClCompile>
    <ClCompile Include="Patches\SpecialFX.cpp">
      <Filter>Patches</Filter>
    </ClCompile>
    <ClCompile Include="Patches\DisableShadowCutscene.cpp">
      <Filter>Patches</Filter>
    </ClCompile>
    <ClCompile Include="Patches\PatchBinary.cpp">
      <Filter>Patches</Filter>
    </ClCompile>
    <ClCompile Include="Patches\ValidateBinary.cpp">
      <Filter>Patches</Filter>
    </ClCompile>
    <ClCompile Include="Common\md5.cpp">
      <Filter>Common</Filter>
    </ClCompile>
    <ClCompile Include="External\WidescreenFixesPack\source\SilentHill2.WidescreenFix\dllmain.cpp">
      <Filter>External\WidescreenFixesPack\source\SilentHill2.WidescreenFix</Filter>
    </ClCompile>
    <ClCompile Include="WidescreenFixesPack\WidescreenFixesPack.cpp">
      <Filter>WidescreenFixesPack</Filter>
    </ClCompile>
    <ClCompile Include="External\Hooking.Patterns\Hooking.Patterns.cpp">
      <Filter>External\Hooking.Patterns</Filter>
    </ClCompile>
    <ClCompile Include="Patches\RotatingMannequinGlitch.cpp">
      <Filter>Patches</Filter>
    </ClCompile>
    <ClCompile Include="Patches\TreeLighting.cpp">
      <Filter>Patches</Filter>
    </ClCompile>
    <ClCompile Include="Patches\ControllerTweaks.cpp">
      <Filter>Patches</Filter>
    </ClCompile>
    <ClCompile Include="Patches\LaunchAsAdmin.cpp">
      <Filter>Patches</Filter>
    </ClCompile>
    <ClCompile Include="Patches\FogFix.cpp">
      <Filter>Patches</Filter>
    </ClCompile>
    <ClCompile Include="Wrappers\dsound\dsoundwrapper.cpp">
      <Filter>Wrappers\dsound</Filter>
    </ClCompile>
    <ClCompile Include="Wrappers\dsound\IDirectSound8.cpp">
      <Filter>Wrappers\dsound</Filter>
    </ClCompile>
    <ClCompile Include="Wrappers\dsound\IDirectSoundBuffer8.cpp">
      <Filter>Wrappers\dsound</Filter>
    </ClCompile>
    <ClCompile Include="Wrappers\dsound\InterfaceQuery.cpp">
      <Filter>Wrappers\dsound</Filter>
    </ClCompile>
    <ClCompile Include="Patches\DelayedStart.cpp">
      <Filter>Patches</Filter>
    </ClCompile>
    <ClCompile Include="Patches\FlashlightClockPush.cpp">
      <Filter>Patches</Filter>
    </ClCompile>
    <ClCompile Include="Patches\LightingPatch.cpp">
      <Filter>Patches</Filter>
    </ClCompile>
    <ClCompile Include="Wrappers\dinput8\dinput8wrapper.cpp">
      <Filter>Wrappers\dinput8</Filter>
    </ClCompile>
    <ClCompile Include="Wrappers\dinput8\IDirectInput8A.cpp">
      <Filter>Wrappers\dinput8</Filter>
    </ClCompile>
    <ClCompile Include="Wrappers\dinput8\IDirectInputDevice8A.cpp">
      <Filter>Wrappers\dinput8</Filter>
    </ClCompile>
    <ClCompile Include="Wrappers\dinput8\IDirectInputEffect.cpp">
      <Filter>Wrappers\dinput8</Filter>
    </ClCompile>
    <ClCompile Include="Wrappers\dinput8\InterfaceQuery.cpp">
      <Filter>Wrappers\dinput8</Filter>
    </ClCompile>
    <ClCompile Include="Logging\Logging.cpp">
      <Filter>Logging</Filter>
    </ClCompile>
    <ClCompile Include="Patches\FullscreenImages.cpp">
      <Filter>Patches</Filter>
    </ClCompile>
    <ClCompile Include="External\Logging\Logging.cpp">
      <Filter>External\Logging</Filter>
    </ClCompile>
    <ClCompile Include="Wrappers\d3d9\IDirect3D9.cpp">
      <Filter>Wrappers\d3d9</Filter>
    </ClCompile>
    <ClCompile Include="Wrappers\d3d9\IDirect3DDevice9.cpp">
      <Filter>Wrappers\d3d9</Filter>
    </ClCompile>
    <ClCompile Include="External\d3d8to9\source\interface_query.cpp">
      <Filter>External\d3d8to9</Filter>
    </ClCompile>
    <ClCompile Include="Common\AutoUpdate.cpp">
      <Filter>Common</Filter>
    </ClCompile>
    <ClCompile Include="Patches\PauseScreen.cpp">
      <Filter>Patches</Filter>
    </ClCompile>
    <ClCompile Include="Patches\FlashlightFlicker.cpp">
      <Filter>Patches</Filter>
    </ClCompile>
    <ClCompile Include="Patches\Specular.cpp">
      <Filter>Patches</Filter>
    </ClCompile>
    <ClCompile Include="Patches\SaveBGImage.cpp">
      <Filter>Patches</Filter>
    </ClCompile>
    <ClCompile Include="Patches\MemoFix.cpp">
      <Filter>Patches</Filter>
    </ClCompile>
    <ClCompile Include="Patches\FullscreenVideos.cpp">
      <Filter>Patches</Filter>
    </ClCompile>
    <ClCompile Include="Patches\AdvancedOptionsFix.cpp">
      <Filter>Patches</Filter>
    </ClCompile>
    <ClCompile Include="Patches\SaveGameSound.cpp">
      <Filter>Patches</Filter>
    </ClCompile>
    <ClCompile Include="Patches\ReplaceWindowTitle.cpp">
      <Filter>Patches</Filter>
    </ClCompile>
    <ClCompile Include="Patches\AlternateStomp.cpp">
      <Filter>Patches</Filter>
    </ClCompile>
    <ClCompile Include="Patches\ChangeClosetSpawn.cpp">
      <Filter>Patches</Filter>
    </ClCompile>
    <ClCompile Include="Patches\SpecificSoundLoopFix.cpp">
      <Filter>Patches</Filter>
    </ClCompile>
    <ClCompile Include="Include\criware\criware_adx.cpp">
      <Filter>Include\criware</Filter>
    </ClCompile>
    <ClCompile Include="Include\criware\criware_adxfic.cpp">
      <Filter>Include\criware</Filter>
    </ClCompile>
    <ClCompile Include="Include\criware\criware_afs.cpp">
      <Filter>Include\criware</Filter>
    </ClCompile>
    <ClCompile Include="Include\criware\criware_aix.cpp">
      <Filter>Include\criware</Filter>
    </ClCompile>
    <ClCompile Include="Include\criware\criware_decode.cpp">
      <Filter>Include\criware</Filter>
    </ClCompile>
    <ClCompile Include="Include\criware\criware_dsound.cpp">
      <Filter>Include\criware</Filter>
    </ClCompile>
    <ClCompile Include="Include\criware\criware_file.cpp">
      <Filter>Include\criware</Filter>
    </ClCompile>
    <ClCompile Include="Include\criware\criware_main.cpp">
      <Filter>Include\criware</Filter>
    </ClCompile>
    <ClCompile Include="Patches\PatchCriware.cpp">
      <Filter>Patches</Filter>
    </ClCompile>
    <ClCompile Include="Include\criware\criware_sound.cpp">
      <Filter>Include\criware</Filter>
    </ClCompile>
    <ClCompile Include="Include\criware\criware_debug.cpp">
      <Filter>Include\criware</Filter>
    </ClCompile>
    <ClCompile Include="Include\criware\criware_xaudio2.cpp">
      <Filter>Include\criware</Filter>
    </ClCompile>
    <ClCompile Include="Include\criware\criware_lock.cpp">
      <Filter>Include\criware</Filter>
    </ClCompile>
    <ClCompile Include="Patches\PatchInventoryBGM.cpp">
      <Filter>Patches</Filter>
    </ClCompile>
    <ClCompile Include="External\MemoryModule\MemoryModule.c">
      <Filter>External\MemoryModule</Filter>
    </ClCompile>
    <ClCompile Include="Wrappers\d3d9\d3dx9.cpp">
      <Filter>Wrappers\d3d9</Filter>
    </ClCompile>
    <ClCompile Include="Wrappers\d3d8\Overlay.cpp">
      <Filter>Wrappers\d3d8</Filter>
    </ClCompile>
    <ClCompile Include="Patches\QuickSaveTweaks.cpp" />
  </ItemGroup>
  <ItemGroup>
    <ClInclude Include="Common\Settings.h">
      <Filter>Common</Filter>
    </ClInclude>
    <ClInclude Include="Common\Utils.h">
      <Filter>Common</Filter>
    </ClInclude>
    <ClInclude Include="Wrappers\d3d8.h">
      <Filter>Wrappers</Filter>
    </ClInclude>
    <ClInclude Include="Wrappers\dinput8.h">
      <Filter>Wrappers</Filter>
    </ClInclude>
    <ClInclude Include="Wrappers\dsound.h">
      <Filter>Wrappers</Filter>
    </ClInclude>
    <ClInclude Include="Wrappers\wrapper.h">
      <Filter>Wrappers</Filter>
    </ClInclude>
    <ClInclude Include="External\d3d8to9\source\d3d8to9.hpp">
      <Filter>External\d3d8to9</Filter>
    </ClInclude>
    <ClInclude Include="External\d3d8to9\source\d3d8types.hpp">
      <Filter>External\d3d8to9</Filter>
    </ClInclude>
    <ClInclude Include="External\d3d8to9\source\d3dx9.hpp">
      <Filter>External\d3d8to9</Filter>
    </ClInclude>
    <ClInclude Include="Patches\SfxPatch.h">
      <Filter>Patches</Filter>
    </ClInclude>
    <ClInclude Include="Wrappers\d3d8to9.h">
      <Filter>Wrappers</Filter>
    </ClInclude>
    <ClInclude Include="Patches\Patches.h">
      <Filter>Patches</Filter>
    </ClInclude>
    <ClInclude Include="Common\LoadModules.h">
      <Filter>Common</Filter>
    </ClInclude>
    <ClInclude Include="Wrappers\d3d8\IDirect3D8.h">
      <Filter>Wrappers\d3d8</Filter>
    </ClInclude>
    <ClInclude Include="Wrappers\d3d8\IDirect3DCubeTexture8.h">
      <Filter>Wrappers\d3d8</Filter>
    </ClInclude>
    <ClInclude Include="Wrappers\d3d8\IDirect3DDevice8.h">
      <Filter>Wrappers\d3d8</Filter>
    </ClInclude>
    <ClInclude Include="Wrappers\d3d8\IDirect3DIndexBuffer8.h">
      <Filter>Wrappers\d3d8</Filter>
    </ClInclude>
    <ClInclude Include="Wrappers\d3d8\IDirect3DSurface8.h">
      <Filter>Wrappers\d3d8</Filter>
    </ClInclude>
    <ClInclude Include="Wrappers\d3d8\IDirect3DSwapChain8.h">
      <Filter>Wrappers\d3d8</Filter>
    </ClInclude>
    <ClInclude Include="Wrappers\d3d8\IDirect3DTexture8.h">
      <Filter>Wrappers\d3d8</Filter>
    </ClInclude>
    <ClInclude Include="Wrappers\d3d8\IDirect3DVertexBuffer8.h">
      <Filter>Wrappers\d3d8</Filter>
    </ClInclude>
    <ClInclude Include="Wrappers\d3d8\IDirect3DVolume8.h">
      <Filter>Wrappers\d3d8</Filter>
    </ClInclude>
    <ClInclude Include="Wrappers\d3d8\IDirect3DVolumeTexture8.h">
      <Filter>Wrappers\d3d8</Filter>
    </ClInclude>
    <ClInclude Include="Wrappers\d3d8\d3d8wrapper.h">
      <Filter>Wrappers\d3d8</Filter>
    </ClInclude>
    <ClInclude Include="External\Hooking\Hook.h">
      <Filter>External\Hooking</Filter>
    </ClInclude>
    <ClInclude Include="Logging\Logging.h">
      <Filter>Logging</Filter>
    </ClInclude>
    <ClInclude Include="Common\FileSystemHooks.h">
      <Filter>Common</Filter>
    </ClInclude>
    <ClInclude Include="Wrappers\d3d8\AddressLookupTable.h">
      <Filter>Wrappers\d3d8</Filter>
    </ClInclude>
    <ClInclude Include="Common\md5.h">
      <Filter>Common</Filter>
    </ClInclude>
    <ClInclude Include="External\Hooking.Patterns\Hooking.Patterns.h">
      <Filter>External\Hooking.Patterns</Filter>
    </ClInclude>
    <ClInclude Include="WidescreenFixesPack\WidescreenFixesPack.h">
      <Filter>WidescreenFixesPack</Filter>
    </ClInclude>
    <ClInclude Include="Include\stdafx.h">
      <Filter>Include</Filter>
    </ClInclude>
    <ClInclude Include="Include\GTA\CFileMgr.h">
      <Filter>Include\GTA</Filter>
    </ClInclude>
    <ClInclude Include="Include\GTA\WSF.h">
      <Filter>Include\GTA</Filter>
    </ClInclude>
    <ClInclude Include="Include\VersionHelpers.h">
      <Filter>Include</Filter>
    </ClInclude>
    <ClInclude Include="Include\winapifamily.h">
      <Filter>Include</Filter>
    </ClInclude>
    <ClInclude Include="Wrappers\dsound\dsoundwrapper.h">
      <Filter>Wrappers\dsound</Filter>
    </ClInclude>
    <ClInclude Include="Wrappers\dsound\AddressLookupTable.h">
      <Filter>Wrappers\dsound</Filter>
    </ClInclude>
    <ClInclude Include="Wrappers\dsound\IDirectSound8.h">
      <Filter>Wrappers\dsound</Filter>
    </ClInclude>
    <ClInclude Include="Wrappers\dsound\IDirectSoundBuffer8.h">
      <Filter>Wrappers\dsound</Filter>
    </ClInclude>
    <ClInclude Include="Wrappers\dinput8\AddressLookupTable.h">
      <Filter>Wrappers\dinput8</Filter>
    </ClInclude>
    <ClInclude Include="Wrappers\dinput8\dinput8wrapper.h">
      <Filter>Wrappers\dinput8</Filter>
    </ClInclude>
    <ClInclude Include="Wrappers\dinput8\IDirectInput8A.h">
      <Filter>Wrappers\dinput8</Filter>
    </ClInclude>
    <ClInclude Include="Wrappers\dinput8\IDirectInputDevice8A.h">
      <Filter>Wrappers\dinput8</Filter>
    </ClInclude>
    <ClInclude Include="Wrappers\dinput8\IDirectInputEffect.h">
      <Filter>Wrappers\dinput8</Filter>
    </ClInclude>
    <ClInclude Include="Patches\FullscreenImages.h">
      <Filter>Patches</Filter>
    </ClInclude>
    <ClInclude Include="Wrappers\d3d9\IDirect3DSwapChain9.h">
      <Filter>Wrappers\d3d9</Filter>
    </ClInclude>
    <ClInclude Include="External\Logging\Logging.h">
      <Filter>External\Logging</Filter>
    </ClInclude>
    <ClInclude Include="Wrappers\d3d9\IDirect3D9.h">
      <Filter>Wrappers\d3d9</Filter>
    </ClInclude>
    <ClInclude Include="Wrappers\d3d9\IDirect3DDevice9.h">
      <Filter>Wrappers\d3d9</Filter>
    </ClInclude>
    <ClInclude Include="External\d3d8to9\source\interface_query.hpp">
      <Filter>External\d3d8to9</Filter>
    </ClInclude>
    <ClInclude Include="Common\AutoUpdate.h">
      <Filter>Common</Filter>
    </ClInclude>
    <ClInclude Include="Patches\ModelID.h">
      <Filter>Patches</Filter>
    </ClInclude>
    <ClInclude Include="External\csvparser\src\rapidcsv.h">
      <Filter>External\csvparser</Filter>
    </ClInclude>
    <ClInclude Include="Include\criware\criware.h">
      <Filter>Include\criware</Filter>
    </ClInclude>
    <ClInclude Include="Include\criware\criware_adx.h">
      <Filter>Include\criware</Filter>
    </ClInclude>
    <ClInclude Include="Include\criware\criware_adxfic.h">
      <Filter>Include\criware</Filter>
    </ClInclude>
    <ClInclude Include="Include\criware\criware_afs.h">
      <Filter>Include\criware</Filter>
    </ClInclude>
    <ClInclude Include="Include\criware\criware_aix.h">
      <Filter>Include\criware</Filter>
    </ClInclude>
    <ClInclude Include="Include\criware\criware_dsound.h">
      <Filter>Include\criware</Filter>
    </ClInclude>
    <ClInclude Include="Include\criware\criware_file.h">
      <Filter>Include\criware</Filter>
    </ClInclude>
    <ClInclude Include="Include\criware\criware_sound.h">
      <Filter>Include\criware</Filter>
    </ClInclude>
    <ClInclude Include="Include\criware\criware_debug.h">
      <Filter>Include\criware</Filter>
    </ClInclude>
    <ClInclude Include="Include\criware\criware_xaudio2.h">
      <Filter>Include\criware</Filter>
    </ClInclude>
    <ClInclude Include="Include\criware\criware_lock.h">
      <Filter>Include\criware</Filter>
    </ClInclude>
    <ClInclude Include="Resources\Resource.h">
      <Filter>Resources</Filter>
    </ClInclude>
    <ClInclude Include="External\MemoryModule\MemoryModule.h">
      <Filter>External\MemoryModule</Filter>
    </ClInclude>
    <ClInclude Include="Wrappers\d3d9\d3dx9.h">
      <Filter>Wrappers\d3d9</Filter>
    </ClInclude>
    <ClInclude Include="Common\Unicode.h">
      <Filter>Common</Filter>
    </ClInclude>
    <ClInclude Include="Wrappers\d3d8\Overlay.h">
      <Filter>Wrappers\d3d8</Filter>
    </ClInclude>
  </ItemGroup>
  <ItemGroup>
    <ResourceCompile Include="Resources\sh2-enhce.rc">
      <Filter>Resources</Filter>
    </ResourceCompile>
    <ResourceCompile Include="Resources\UALx86.rc">
      <Filter>Resources</Filter>
    </ResourceCompile>
    <ResourceCompile Include="Resources\BuildNo.rc">
      <Filter>Resources</Filter>
    </ResourceCompile>
  </ItemGroup>
  <ItemGroup>
    <None Include="Wrappers\wrapper.def">
      <Filter>Wrappers</Filter>
    </None>
    <None Include="Common\Settings.ini">
      <Filter>Common</Filter>
    </None>
    <None Include="Resources\ReShade.ini">
      <Filter>Common</Filter>
    </None>
  </ItemGroup>
  <ItemGroup>
    <Filter Include="Common">
      <UniqueIdentifier>{11a991a1-b0f8-43df-a3c8-3107c47f5b8c}</UniqueIdentifier>
    </Filter>
    <Filter Include="Wrappers">
      <UniqueIdentifier>{b4119dde-0573-429b-9f66-93d73e31189c}</UniqueIdentifier>
    </Filter>
    <Filter Include="External">
      <UniqueIdentifier>{a9ab4474-9fe4-4399-8354-0036db96b13a}</UniqueIdentifier>
    </Filter>
    <Filter Include="External\d3d8to9">
      <UniqueIdentifier>{56cc2b13-4905-4fb2-96b0-6d4d8af0a885}</UniqueIdentifier>
    </Filter>
    <Filter Include="Resources">
      <UniqueIdentifier>{9530d5d6-2e97-44ac-bf25-78f74779f6d0}</UniqueIdentifier>
    </Filter>
    <Filter Include="Patches">
      <UniqueIdentifier>{7d0dc3ce-9a23-4da8-bfa7-b04883141415}</UniqueIdentifier>
    </Filter>
    <Filter Include="Wrappers\d3d8">
      <UniqueIdentifier>{c24898f3-72bd-4aaf-94c8-e5dc929e7809}</UniqueIdentifier>
    </Filter>
    <Filter Include="External\Logging">
      <UniqueIdentifier>{75123a76-1940-4f91-b791-ec217e3d068e}</UniqueIdentifier>
    </Filter>
    <Filter Include="External\Hooking">
      <UniqueIdentifier>{b0b8ed4e-c188-4d67-938d-2a52bff06ac4}</UniqueIdentifier>
    </Filter>
    <Filter Include="Logging">
      <UniqueIdentifier>{adfe37d6-2b91-42d1-b181-899b9df11dc5}</UniqueIdentifier>
    </Filter>
    <Filter Include="External\WidescreenFixesPack">
      <UniqueIdentifier>{cd55cab1-6bae-4543-a4e7-3cd4543f21c1}</UniqueIdentifier>
    </Filter>
    <Filter Include="External\WidescreenFixesPack\source">
      <UniqueIdentifier>{da0c172d-fa5c-4430-88cc-728106cff1f4}</UniqueIdentifier>
    </Filter>
    <Filter Include="External\WidescreenFixesPack\source\SilentHill2.WidescreenFix">
      <UniqueIdentifier>{550fcc27-e91b-4c88-a6a1-e4d5c1d146ea}</UniqueIdentifier>
    </Filter>
    <Filter Include="WidescreenFixesPack">
      <UniqueIdentifier>{04cb4080-6f33-4dc8-8e02-163c1b2b8c3e}</UniqueIdentifier>
    </Filter>
    <Filter Include="External\Hooking.Patterns">
      <UniqueIdentifier>{24414d08-98ad-470d-af59-17ec916750ca}</UniqueIdentifier>
    </Filter>
    <Filter Include="Include">
      <UniqueIdentifier>{681e098b-edbf-40c3-866a-f75074bd5c78}</UniqueIdentifier>
    </Filter>
    <Filter Include="Include\GTA">
      <UniqueIdentifier>{69a3da45-728e-4ff1-868c-43782034326f}</UniqueIdentifier>
    </Filter>
    <Filter Include="Wrappers\dsound">
      <UniqueIdentifier>{239f9f4e-9a68-4133-839f-fbfb3f509bf1}</UniqueIdentifier>
    </Filter>
    <Filter Include="Wrappers\dinput8">
      <UniqueIdentifier>{594860f0-d658-47fe-9c60-a2b2a56f0f65}</UniqueIdentifier>
    </Filter>
    <Filter Include="Wrappers\d3d9">
      <UniqueIdentifier>{63356f14-45b5-4047-9be1-e7e6e8a3f3e5}</UniqueIdentifier>
    </Filter>
    <Filter Include="External\csvparser">
      <UniqueIdentifier>{d4a94675-8b89-4bf7-a3ba-396831832431}</UniqueIdentifier>
    </Filter>
    <Filter Include="Include\criware">
      <UniqueIdentifier>{5448b3d6-8d77-4320-8d53-37aed07543cf}</UniqueIdentifier>
    </Filter>
    <Filter Include="External\MemoryModule">
      <UniqueIdentifier>{3ce3eff9-8225-4947-963d-ff492c58ebba}</UniqueIdentifier>
    </Filter>
  </ItemGroup>
  <ItemGroup>
    <Filter Include="resources">
      <UniqueIdentifier>{7f3f7a66-aeb1-4c44-abb4-d7eff03a1247}</UniqueIdentifier>
    </Filter>
    <Filter Include="ReShade">
      <UniqueIdentifier>{d75dd84b-8feb-4210-b826-7eea08b014b1}</UniqueIdentifier>
    </Filter>
    <Filter Include="Logging">
      <UniqueIdentifier>{e3799186-a587-4f4e-8559-03a9b97b4f04}</UniqueIdentifier>
    </Filter>
    <Filter Include="ReShade\Runtime">
      <UniqueIdentifier>{ecdb23a8-21dc-4334-b5cf-2ea57d27001d}</UniqueIdentifier>
    </Filter>
  </ItemGroup>
  <ItemGroup>
    <ClCompile Include="Wrappers\d3d9\buffer_detection.cpp">
      <Filter>Wrappers\d3d9</Filter>
    </ClCompile>
    <ClCompile Include="Wrappers\d3d9\d3d9wrapper.cpp">
      <Filter>Wrappers\d3d9</Filter>
    </ClCompile>
    <ClCompile Include="Wrappers\d3d9\runtime_d3d9.cpp">
      <Filter>Wrappers\d3d9</Filter>
    </ClCompile>
    <ClCompile Include="Wrappers\d3d9\state_block.cpp">
      <Filter>Wrappers\d3d9</Filter>
    </ClCompile>
    <ClCompile Include="ReShade\Runtime\runtime.cpp">
      <Filter>ReShade\Runtime</Filter>
    </ClCompile>
    <ClCompile Include="ReShade\Runtime\runtime_config.cpp">
      <Filter>ReShade\Runtime</Filter>
    </ClCompile>
    <ClCompile Include="Wrappers\d3d9\IDirect3DSwapChain9.cpp">
      <Filter>Wrappers\d3d9</Filter>
    </ClCompile>
    <ClCompile Include="Logging\Logging.cpp">
      <Filter>Logging</Filter>
    </ClCompile>
  </ItemGroup>
  <ItemGroup>
    <ClInclude Include="Wrappers\d3d9\buffer_detection.hpp">
      <Filter>Wrappers\d3d9</Filter>
    </ClInclude>
    <ClInclude Include="Wrappers\d3d9\com_ptr.hpp">
      <Filter>Wrappers\d3d9</Filter>
    </ClInclude>
    <ClInclude Include="Wrappers\d3d9\d3d9wrapper.h">
      <Filter>Wrappers\d3d9</Filter>
    </ClInclude>
    <ClInclude Include="Wrappers\d3d9\runtime_d3d9.hpp">
      <Filter>Wrappers\d3d9</Filter>
    </ClInclude>
    <ClInclude Include="Wrappers\d3d9\state_block.hpp">
      <Filter>Wrappers\d3d9</Filter>
    </ClInclude>
    <ClInclude Include="ReShade\Runtime\runtime.hpp">
      <Filter>ReShade\Runtime</Filter>
    </ClInclude>
    <ClInclude Include="ReShade\Runtime\runtime_config.hpp">
      <Filter>ReShade\Runtime</Filter>
    </ClInclude>
    <ClInclude Include="ReShade\Runtime\runtime_objects.hpp">
      <Filter>ReShade\Runtime</Filter>
    </ClInclude>
    <ClInclude Include="Logging\Logging.h">
      <Filter>Logging</Filter>
    </ClInclude>
  </ItemGroup>
</Project>