<?xml version="1.0" encoding="utf-8"?>
<Project ToolsVersion="4.0" xmlns="http://schemas.microsoft.com/developer/msbuild/2003">
  <ItemGroup>
    <ClCompile Include="dllmain.cpp" />
    <ClCompile Include="Common\Settings.cpp">
      <Filter>Common</Filter>
    </ClCompile>
    <ClCompile Include="Common\Utils.cpp">
      <Filter>Common</Filter>
    </ClCompile>
    <ClCompile Include="Wrappers\wrapper.cpp">
      <Filter>Wrappers</Filter>
    </ClCompile>
    <ClCompile Include="Hooking\Hook.cpp">
      <Filter>Hooking</Filter>
    </ClCompile>
    <ClCompile Include="Hooking\HotPatch.cpp">
      <Filter>Hooking</Filter>
    </ClCompile>
    <ClCompile Include="Hooking\IATPatch.cpp">
      <Filter>Hooking</Filter>
    </ClCompile>
    <ClCompile Include="External\d3d8to9\source\d3d8to9_base.cpp">
      <Filter>External\d3d8to9</Filter>
    </ClCompile>
    <ClCompile Include="External\d3d8to9\source\d3d8to9_device.cpp">
      <Filter>External\d3d8to9</Filter>
    </ClCompile>
    <ClCompile Include="External\d3d8to9\source\d3d8to9_index_buffer.cpp">
      <Filter>External\d3d8to9</Filter>
    </ClCompile>
    <ClCompile Include="External\d3d8to9\source\d3d8to9_surface.cpp">
      <Filter>External\d3d8to9</Filter>
    </ClCompile>
    <ClCompile Include="External\d3d8to9\source\d3d8to9_swap_chain.cpp">
      <Filter>External\d3d8to9</Filter>
    </ClCompile>
    <ClCompile Include="External\d3d8to9\source\d3d8to9_texture.cpp">
      <Filter>External\d3d8to9</Filter>
    </ClCompile>
    <ClCompile Include="External\d3d8to9\source\d3d8to9_vertex_buffer.cpp">
      <Filter>External\d3d8to9</Filter>
    </ClCompile>
    <ClCompile Include="External\d3d8to9\source\d3d8to9_volume.cpp">
      <Filter>External\d3d8to9</Filter>
    </ClCompile>
    <ClCompile Include="External\d3d8to9\source\d3d8types.cpp">
      <Filter>External\d3d8to9</Filter>
    </ClCompile>
    <ClCompile Include="External\d3d8to9\source\lookup_table.cpp">
      <Filter>External\d3d8to9</Filter>
    </ClCompile>
    <ClCompile Include="Common\LoadASI.cpp">
      <Filter>Common</Filter>
    </ClCompile>
    <ClCompile Include="External\MemoryModule\MemoryModule.c">
      <Filter>External\MemoryModule</Filter>
    </ClCompile>
    <ClCompile Include="Common\Logging.cpp">
      <Filter>Common</Filter>
    </ClCompile>
    <ClCompile Include="Patches\PS2NoiseFilter.cpp">
      <Filter>Patches</Filter>
    </ClCompile>
    <ClCompile Include="Patches\NoCDPatch.cpp">
      <Filter>Patches</Filter>
    </ClCompile>
    <ClCompile Include="Patches\SfxPatch.cpp">
      <Filter>Patches</Filter>
    </ClCompile>
    <ClCompile Include="Wrappers\d3d8to9.cpp">
      <Filter>Wrappers</Filter>
    </ClCompile>
    <ClCompile Include="Hooking\FileSystemHooks.cpp">
      <Filter>Hooking</Filter>
    </ClCompile>
    <ClCompile Include="Patches\DrawDistance.cpp">
      <Filter>Patches</Filter>
    </ClCompile>
    <ClCompile Include="Patches\CemeteryLightingPatch.cpp">
      <Filter>Patches</Filter>
    </ClCompile>
  </ItemGroup>
  <ItemGroup>
    <ClInclude Include="Common\Logging.h">
      <Filter>Common</Filter>
    </ClInclude>
    <ClInclude Include="Common\Settings.h">
      <Filter>Common</Filter>
    </ClInclude>
    <ClInclude Include="Common\Utils.h">
      <Filter>Common</Filter>
    </ClInclude>
    <ClInclude Include="Wrappers\d3d8.h">
      <Filter>Wrappers</Filter>
    </ClInclude>
    <ClInclude Include="Wrappers\dinput8.h">
      <Filter>Wrappers</Filter>
    </ClInclude>
    <ClInclude Include="Wrappers\dsound.h">
      <Filter>Wrappers</Filter>
    </ClInclude>
    <ClInclude Include="Wrappers\wrapper.h">
      <Filter>Wrappers</Filter>
    </ClInclude>
    <ClInclude Include="Hooking\Hook.h">
      <Filter>Hooking</Filter>
    </ClInclude>
    <ClInclude Include="External\d3d8to9\source\d3d8to9.hpp">
      <Filter>External\d3d8to9</Filter>
    </ClInclude>
    <ClInclude Include="External\d3d8to9\source\d3d8types.hpp">
      <Filter>External\d3d8to9</Filter>
    </ClInclude>
    <ClInclude Include="External\d3d8to9\source\d3dx9.hpp">
      <Filter>External\d3d8to9</Filter>
    </ClInclude>
    <ClInclude Include="External\d3d8to9\source\lookup_table.hpp">
      <Filter>External\d3d8to9</Filter>
    </ClInclude>
    <ClInclude Include="Common\LoadASI.h">
      <Filter>Common</Filter>
    </ClInclude>
    <ClInclude Include="Resources\sh2-enhce.h">
      <Filter>Resources</Filter>
    </ClInclude>
    <ClInclude Include="External\MemoryModule\MemoryModule.h">
      <Filter>External\MemoryModule</Filter>
    </ClInclude>
    <ClInclude Include="Patches\SfxPatch.h">
      <Filter>Patches</Filter>
    </ClInclude>
    <ClInclude Include="Wrappers\d3d8to9.h">
      <Filter>Wrappers</Filter>
    </ClInclude>
    <ClInclude Include="Hooking\FileSystemHooks.h">
      <Filter>Hooking</Filter>
    </ClInclude>
    <ClInclude Include="Patches\Patches.h">
      <Filter>Patches</Filter>
    </ClInclude>
  </ItemGroup>
  <ItemGroup>
    <ResourceCompile Include="Resources\sh2-enhce.rc">
      <Filter>Resources</Filter>
    </ResourceCompile>
    <ResourceCompile Include="Resources\UALx86.rc">
      <Filter>Resources</Filter>
    </ResourceCompile>
    <ResourceCompile Include="Resources\BuildNo.rc">
      <Filter>Resources</Filter>
    </ResourceCompile>
  </ItemGroup>
  <ItemGroup>
    <None Include="Wrappers\wrapper.def">
      <Filter>Wrappers</Filter>
    </None>
    <None Include="Common\Settings.ini">
      <Filter>Common</Filter>
    </None>
  </ItemGroup>
  <ItemGroup>
    <Filter Include="Common">
      <UniqueIdentifier>{11a991a1-b0f8-43df-a3c8-3107c47f5b8c}</UniqueIdentifier>
    </Filter>
    <Filter Include="Wrappers">
      <UniqueIdentifier>{b4119dde-0573-429b-9f66-93d73e31189c}</UniqueIdentifier>
    </Filter>
    <Filter Include="Hooking">
      <UniqueIdentifier>{f3bc2c9d-3d63-4e99-b24a-29cb21ee295c}</UniqueIdentifier>
    </Filter>
    <Filter Include="External">
      <UniqueIdentifier>{a9ab4474-9fe4-4399-8354-0036db96b13a}</UniqueIdentifier>
    </Filter>
    <Filter Include="External\d3d8to9">
      <UniqueIdentifier>{56cc2b13-4905-4fb2-96b0-6d4d8af0a885}</UniqueIdentifier>
    </Filter>
    <Filter Include="Resources">
      <UniqueIdentifier>{9530d5d6-2e97-44ac-bf25-78f74779f6d0}</UniqueIdentifier>
    </Filter>
    <Filter Include="External\MemoryModule">
      <UniqueIdentifier>{25ae67b5-cfe4-4166-9701-53e48a1cb574}</UniqueIdentifier>
    </Filter>
    <Filter Include="Patches">
      <UniqueIdentifier>{7d0dc3ce-9a23-4da8-bfa7-b04883141415}</UniqueIdentifier>
    </Filter>
  </ItemGroup>
</Project>