<?xml version="1.0" encoding="utf-8"?>
<Project ToolsVersion="4.0" xmlns="http://schemas.microsoft.com/developer/msbuild/2003">
  <ItemGroup>
    <ClCompile Include="dllmain.cpp" />
    <ClCompile Include="Common\Settings.cpp">
      <Filter>Common</Filter>
    </ClCompile>
    <ClCompile Include="Common\Utils.cpp">
      <Filter>Common</Filter>
    </ClCompile>
    <ClCompile Include="Wrappers\wrapper.cpp">
      <Filter>Wrappers</Filter>
    </ClCompile>
    <ClCompile Include="External\d3d8to9\source\d3d8to9_base.cpp">
      <Filter>External\d3d8to9</Filter>
    </ClCompile>
    <ClCompile Include="External\d3d8to9\source\d3d8to9_device.cpp">
      <Filter>External\d3d8to9</Filter>
    </ClCompile>
    <ClCompile Include="External\d3d8to9\source\d3d8to9_index_buffer.cpp">
      <Filter>External\d3d8to9</Filter>
    </ClCompile>
    <ClCompile Include="External\d3d8to9\source\d3d8to9_surface.cpp">
      <Filter>External\d3d8to9</Filter>
    </ClCompile>
    <ClCompile Include="External\d3d8to9\source\d3d8to9_swap_chain.cpp">
      <Filter>External\d3d8to9</Filter>
    </ClCompile>
    <ClCompile Include="External\d3d8to9\source\d3d8to9_texture.cpp">
      <Filter>External\d3d8to9</Filter>
    </ClCompile>
    <ClCompile Include="External\d3d8to9\source\d3d8to9_vertex_buffer.cpp">
      <Filter>External\d3d8to9</Filter>
    </ClCompile>
    <ClCompile Include="External\d3d8to9\source\d3d8to9_volume.cpp">
      <Filter>External\d3d8to9</Filter>
    </ClCompile>
    <ClCompile Include="External\d3d8to9\source\d3d8types.cpp">
      <Filter>External\d3d8to9</Filter>
    </ClCompile>
    <ClCompile Include="External\d3d8to9\source\lookup_table.cpp">
      <Filter>External\d3d8to9</Filter>
    </ClCompile>
    <ClCompile Include="External\MemoryModule\MemoryModule.c">
      <Filter>External\MemoryModule</Filter>
    </ClCompile>
    <ClCompile Include="Patches\PS2NoiseFilter.cpp">
      <Filter>Patches</Filter>
    </ClCompile>
    <ClCompile Include="Patches\NoCDPatch.cpp">
      <Filter>Patches</Filter>
    </ClCompile>
    <ClCompile Include="Patches\SfxPatch.cpp">
      <Filter>Patches</Filter>
    </ClCompile>
    <ClCompile Include="Wrappers\d3d8to9.cpp">
      <Filter>Wrappers</Filter>
    </ClCompile>
    <ClCompile Include="Patches\DrawDistance.cpp">
      <Filter>Patches</Filter>
    </ClCompile>
    <ClCompile Include="Patches\CemeteryLightingPatch.cpp">
      <Filter>Patches</Filter>
    </ClCompile>
    <ClCompile Include="Patches\RowboatAnimation.cpp">
      <Filter>Patches</Filter>
    </ClCompile>
    <ClCompile Include="Common\LoadModules.cpp">
      <Filter>Common</Filter>
    </ClCompile>
    <ClCompile Include="Common\MyStrings.cpp">
      <Filter>Common</Filter>
    </ClCompile>
    <ClCompile Include="Wrappers\d3d8\IDirect3D8.cpp">
      <Filter>Wrappers\d3d8</Filter>
    </ClCompile>
    <ClCompile Include="Wrappers\d3d8\IDirect3DCubeTexture8.cpp">
      <Filter>Wrappers\d3d8</Filter>
    </ClCompile>
    <ClCompile Include="Wrappers\d3d8\IDirect3DDevice8.cpp">
      <Filter>Wrappers\d3d8</Filter>
    </ClCompile>
    <ClCompile Include="Wrappers\d3d8\IDirect3DIndexBuffer8.cpp">
      <Filter>Wrappers\d3d8</Filter>
    </ClCompile>
    <ClCompile Include="Wrappers\d3d8\IDirect3DSurface8.cpp">
      <Filter>Wrappers\d3d8</Filter>
    </ClCompile>
    <ClCompile Include="Wrappers\d3d8\IDirect3DSwapChain8.cpp">
      <Filter>Wrappers\d3d8</Filter>
    </ClCompile>
    <ClCompile Include="Wrappers\d3d8\IDirect3DTexture8.cpp">
      <Filter>Wrappers\d3d8</Filter>
    </ClCompile>
    <ClCompile Include="Wrappers\d3d8\IDirect3DVertexBuffer8.cpp">
      <Filter>Wrappers\d3d8</Filter>
    </ClCompile>
    <ClCompile Include="Wrappers\d3d8\IDirect3DVolume8.cpp">
      <Filter>Wrappers\d3d8</Filter>
    </ClCompile>
    <ClCompile Include="Wrappers\d3d8\IDirect3DVolumeTexture8.cpp">
      <Filter>Wrappers\d3d8</Filter>
    </ClCompile>
    <ClCompile Include="Wrappers\d3d8\d3d8wrapper.cpp">
      <Filter>Wrappers\d3d8</Filter>
    </ClCompile>
    <ClCompile Include="Patches\CatacombsMeatRoom.cpp">
      <Filter>Patches</Filter>
    </ClCompile>
    <ClCompile Include="Patches\DisableRedCrossDuringCutscenes.cpp">
      <Filter>Patches</Filter>
    </ClCompile>
    <ClCompile Include="External\Logging\Logging.cpp">
      <Filter>External\Logging</Filter>
    </ClCompile>
    <ClCompile Include="External\Hooking\Hook.cpp">
      <Filter>External\Hooking</Filter>
    </ClCompile>
    <ClCompile Include="External\Hooking\HotPatch.cpp">
      <Filter>External\Hooking</Filter>
    </ClCompile>
    <ClCompile Include="External\Hooking\IATPatch.cpp">
      <Filter>External\Hooking</Filter>
    </ClCompile>
    <ClCompile Include="Common\FileSystemHooks.cpp">
      <Filter>Common</Filter>
    </ClCompile>
    <ClCompile Include="Patches\Common.cpp">
      <Filter>Patches</Filter>
    </ClCompile>
    <ClCompile Include="Patches\FogAdjustments.cpp">
      <Filter>Patches</Filter>
    </ClCompile>
    <ClCompile Include="Patches\Fonts.cpp">
      <Filter>Patches</Filter>
    </ClCompile>
    <ClCompile Include="Patches\HotelWater.cpp">
      <Filter>Patches</Filter>
    </ClCompile>
    <ClCompile Include="Patches\Room312Shadow.cpp">
      <Filter>Patches</Filter>
    </ClCompile>
    <ClCompile Include="Patches\ClosetCutscene.cpp">
      <Filter>Patches</Filter>
    </ClCompile>
    <ClCompile Include="Patches\PistonRoom.cpp">
      <Filter>Patches</Filter>
    </ClCompile>
    <ClCompile Include="Patches\2TBHardDriveFix.cpp">
      <Filter>Patches</Filter>
    </ClCompile>
    <ClCompile Include="Patches\EnhancedFlashlight.cpp">
      <Filter>Patches</Filter>
    </ClCompile>
    <ClCompile Include="Patches\XInputVibration.cpp">
      <Filter>Patches</Filter>
    </ClCompile>
    <ClCompile Include="Patches\LightingTransition.cpp">
      <Filter>Patches</Filter>
    </ClCompile>
    <ClCompile Include="Patches\HangOnEsc.cpp">
      <Filter>Patches</Filter>
    </ClCompile>
  </ItemGroup>
  <ItemGroup>
    <ClInclude Include="Common\Settings.h">
      <Filter>Common</Filter>
    </ClInclude>
    <ClInclude Include="Common\Utils.h">
      <Filter>Common</Filter>
    </ClInclude>
    <ClInclude Include="Wrappers\d3d8.h">
      <Filter>Wrappers</Filter>
    </ClInclude>
    <ClInclude Include="Wrappers\dinput8.h">
      <Filter>Wrappers</Filter>
    </ClInclude>
    <ClInclude Include="Wrappers\dsound.h">
      <Filter>Wrappers</Filter>
    </ClInclude>
    <ClInclude Include="Wrappers\wrapper.h">
      <Filter>Wrappers</Filter>
    </ClInclude>
    <ClInclude Include="External\d3d8to9\source\d3d8to9.hpp">
      <Filter>External\d3d8to9</Filter>
    </ClInclude>
    <ClInclude Include="External\d3d8to9\source\d3d8types.hpp">
      <Filter>External\d3d8to9</Filter>
    </ClInclude>
    <ClInclude Include="External\d3d8to9\source\d3dx9.hpp">
      <Filter>External\d3d8to9</Filter>
    </ClInclude>
    <ClInclude Include="External\d3d8to9\source\lookup_table.hpp">
      <Filter>External\d3d8to9</Filter>
    </ClInclude>
    <ClInclude Include="Resources\sh2-enhce.h">
      <Filter>Resources</Filter>
    </ClInclude>
    <ClInclude Include="External\MemoryModule\MemoryModule.h">
      <Filter>External\MemoryModule</Filter>
    </ClInclude>
    <ClInclude Include="Patches\SfxPatch.h">
      <Filter>Patches</Filter>
    </ClInclude>
    <ClInclude Include="Wrappers\d3d8to9.h">
      <Filter>Wrappers</Filter>
    </ClInclude>
    <ClInclude Include="Patches\Patches.h">
      <Filter>Patches</Filter>
    </ClInclude>
    <ClInclude Include="Common\LoadModules.h">
      <Filter>Common</Filter>
    </ClInclude>
    <ClInclude Include="Common\MyStrings.h">
      <Filter>Common</Filter>
    </ClInclude>
    <ClInclude Include="Wrappers\d3d8\IDirect3D8.h">
      <Filter>Wrappers\d3d8</Filter>
    </ClInclude>
    <ClInclude Include="Wrappers\d3d8\IDirect3DCubeTexture8.h">
      <Filter>Wrappers\d3d8</Filter>
    </ClInclude>
    <ClInclude Include="Wrappers\d3d8\IDirect3DDevice8.h">
      <Filter>Wrappers\d3d8</Filter>
    </ClInclude>
    <ClInclude Include="Wrappers\d3d8\IDirect3DIndexBuffer8.h">
      <Filter>Wrappers\d3d8</Filter>
    </ClInclude>
    <ClInclude Include="Wrappers\d3d8\IDirect3DSurface8.h">
      <Filter>Wrappers\d3d8</Filter>
    </ClInclude>
    <ClInclude Include="Wrappers\d3d8\IDirect3DSwapChain8.h">
      <Filter>Wrappers\d3d8</Filter>
    </ClInclude>
    <ClInclude Include="Wrappers\d3d8\IDirect3DTexture8.h">
      <Filter>Wrappers\d3d8</Filter>
    </ClInclude>
    <ClInclude Include="Wrappers\d3d8\IDirect3DVertexBuffer8.h">
      <Filter>Wrappers\d3d8</Filter>
    </ClInclude>
    <ClInclude Include="Wrappers\d3d8\IDirect3DVolume8.h">
      <Filter>Wrappers\d3d8</Filter>
    </ClInclude>
    <ClInclude Include="Wrappers\d3d8\IDirect3DVolumeTexture8.h">
      <Filter>Wrappers\d3d8</Filter>
    </ClInclude>
    <ClInclude Include="Wrappers\d3d8\d3d8wrapper.h">
      <Filter>Wrappers\d3d8</Filter>
    </ClInclude>
    <ClInclude Include="External\Logging\Logging.h">
      <Filter>External\Logging</Filter>
    </ClInclude>
    <ClInclude Include="External\Hooking\Hook.h">
      <Filter>External\Hooking</Filter>
    </ClInclude>
    <ClInclude Include="Logging\Logging.h">
      <Filter>Logging</Filter>
    </ClInclude>
    <ClInclude Include="Common\FileSystemHooks.h">
      <Filter>Common</Filter>
    </ClInclude>
    <ClInclude Include="Wrappers\d3d8\AddressLookupTable.h">
      <Filter>Wrappers\d3d8</Filter>
    </ClInclude>
  </ItemGroup>
  <ItemGroup>
    <ResourceCompile Include="Resources\sh2-enhce.rc">
      <Filter>Resources</Filter>
    </ResourceCompile>
    <ResourceCompile Include="Resources\UALx86.rc">
      <Filter>Resources</Filter>
    </ResourceCompile>
    <ResourceCompile Include="Resources\BuildNo.rc">
      <Filter>Resources</Filter>
    </ResourceCompile>
  </ItemGroup>
  <ItemGroup>
    <None Include="Wrappers\wrapper.def">
      <Filter>Wrappers</Filter>
    </None>
    <None Include="Common\Settings.ini">
      <Filter>Common</Filter>
    </None>
  </ItemGroup>
  <ItemGroup>
    <Filter Include="Common">
      <UniqueIdentifier>{11a991a1-b0f8-43df-a3c8-3107c47f5b8c}</UniqueIdentifier>
    </Filter>
    <Filter Include="Wrappers">
      <UniqueIdentifier>{b4119dde-0573-429b-9f66-93d73e31189c}</UniqueIdentifier>
    </Filter>
    <Filter Include="External">
      <UniqueIdentifier>{a9ab4474-9fe4-4399-8354-0036db96b13a}</UniqueIdentifier>
    </Filter>
    <Filter Include="External\d3d8to9">
      <UniqueIdentifier>{56cc2b13-4905-4fb2-96b0-6d4d8af0a885}</UniqueIdentifier>
    </Filter>
    <Filter Include="Resources">
      <UniqueIdentifier>{9530d5d6-2e97-44ac-bf25-78f74779f6d0}</UniqueIdentifier>
    </Filter>
    <Filter Include="External\MemoryModule">
      <UniqueIdentifier>{25ae67b5-cfe4-4166-9701-53e48a1cb574}</UniqueIdentifier>
    </Filter>
    <Filter Include="Patches">
      <UniqueIdentifier>{7d0dc3ce-9a23-4da8-bfa7-b04883141415}</UniqueIdentifier>
    </Filter>
    <Filter Include="Wrappers\d3d8">
      <UniqueIdentifier>{c24898f3-72bd-4aaf-94c8-e5dc929e7809}</UniqueIdentifier>
    </Filter>
    <Filter Include="External\Logging">
      <UniqueIdentifier>{75123a76-1940-4f91-b791-ec217e3d068e}</UniqueIdentifier>
    </Filter>
    <Filter Include="External\Hooking">
      <UniqueIdentifier>{b0b8ed4e-c188-4d67-938d-2a52bff06ac4}</UniqueIdentifier>
    </Filter>
    <Filter Include="Logging">
      <UniqueIdentifier>{adfe37d6-2b91-42d1-b181-899b9df11dc5}</UniqueIdentifier>
    </Filter>
  </ItemGroup>
</Project>