<?xml version="1.0" encoding="utf-8"?>
<Project ToolsVersion="4.0" xmlns="http://schemas.microsoft.com/developer/msbuild/2003">
  <ItemGroup>
    <Filter Include="External">
      <UniqueIdentifier>{44cc23c2-2274-4521-ad04-39107f515d7b}</UniqueIdentifier>
    </Filter>
    <Filter Include="External\xxHash">
      <UniqueIdentifier>{6fd6e51a-5711-480b-bb59-fe677864f7e6}</UniqueIdentifier>
    </Filter>
    <Filter Include="External\tinyxml2">
      <UniqueIdentifier>{fbf78c7f-87fe-4adf-84ce-a731cce2c876}</UniqueIdentifier>
    </Filter>
    <Filter Include="Shared">
      <UniqueIdentifier>{a5b35823-6578-4b9b-b2b0-eb77ca381e69}</UniqueIdentifier>
    </Filter>
    <Filter Include="External\Logging">
      <UniqueIdentifier>{5ffdc1d4-84ec-4dca-82af-5330bb847ee6}</UniqueIdentifier>
    </Filter>
    <Filter Include="Resources">
      <UniqueIdentifier>{229e4fd5-9d9f-4f73-8003-68c8895c6fff}</UniqueIdentifier>
    </Filter>
  </ItemGroup>
  <ItemGroup>
    <ClInclude Include="..\External\xxHash\xxh3.h">
      <Filter>External\xxHash</Filter>
    </ClInclude>
    <ClInclude Include="..\External\xxHash\xxhash.h">
      <Filter>External\xxHash</Filter>
    </ClInclude>
    <ClInclude Include="..\External\tinyxml2\tinyxml2.h">
      <Filter>External\tinyxml2</Filter>
    </ClInclude>
    <ClInclude Include="..\Logging\Logging.h">
      <Filter>Shared</Filter>
    </ClInclude>
    <ClInclude Include="..\External\Logging\Logging.h">
      <Filter>External\Logging</Filter>
    </ClInclude>
    <ClInclude Include="..\Common\LoadModules.h">
      <Filter>Shared</Filter>
    </ClInclude>
    <ClInclude Include="..\Common\Utils.h">
      <Filter>Shared</Filter>
    </ClInclude>
    <ClInclude Include="..\Common\Settings.h">
      <Filter>Shared</Filter>
    </ClInclude>
    <ClInclude Include="CConfig.h" />
    <ClInclude Include="CWnd.h" />
    <ClInclude Include="Launcher.h">
      <Filter>Resources</Filter>
    </ClInclude>
  </ItemGroup>
  <ItemGroup>
    <ClCompile Include="..\External\xxHash\xxhash.c">
      <Filter>External\xxHash</Filter>
    </ClCompile>
    <ClCompile Include="..\External\tinyxml2\tinyxml2.cpp">
      <Filter>External\tinyxml2</Filter>
    </ClCompile>
    <ClCompile Include="..\Patches\LaunchAsAdmin.cpp">
      <Filter>Shared</Filter>
    </ClCompile>
    <ClCompile Include="..\Logging\Logging.cpp">
      <Filter>Shared</Filter>
    </ClCompile>
    <ClCompile Include="..\External\Logging\Logging.cpp">
      <Filter>External\Logging</Filter>
    </ClCompile>
    <ClCompile Include="..\Common\LoadModules.cpp">
      <Filter>Shared</Filter>
    </ClCompile>
    <ClCompile Include="..\Common\Utils.cpp">
      <Filter>Shared</Filter>
    </ClCompile>
    <ClCompile Include="..\Common\Settings.cpp">
      <Filter>Shared</Filter>
    </ClCompile>
    <ClCompile Include="CConfig.cpp" />
    <ClCompile Include="CWnd.cpp" />
    <ClCompile Include="Launcher.cpp" />
  </ItemGroup>
  <ItemGroup>
    <Image Include="Launcher.ico">
      <Filter>Resources</Filter>
    </Image>
  </ItemGroup>
  <ItemGroup>
    <ResourceCompile Include="Launcher.rc">
      <Filter>Resources</Filter>
    </ResourceCompile>
    <ResourceCompile Include="UALx86.rc">
      <Filter>Resources</Filter>
    </ResourceCompile>
  </ItemGroup>
  <ItemGroup>
    <Xml Include="config.xml" />
    <Xml Include="manifest.xml">
      <Filter>Resources</Filter>
    </Xml>
  </ItemGroup>
</Project>