<?xml version="1.0" encoding="utf-8"?>
<Project ToolsVersion="4.0" xmlns="http://schemas.microsoft.com/developer/msbuild/2003">
  <ItemGroup>
    <Filter Include="Source Files">
      <UniqueIdentifier>{4FC737F1-C7A5-4376-A066-2A32D752A2FF}</UniqueIdentifier>
      <Extensions>cpp;c;cc;cxx;c++;cppm;ixx;def;odl;idl;hpj;bat;asm;asmx</Extensions>
    </Filter>
    <Filter Include="Header Files">
      <UniqueIdentifier>{93995380-89BD-4b04-88EB-625FBE52EBFB}</UniqueIdentifier>
      <Extensions>h;hh;hpp;hxx;h++;hm;inl;inc;ipp;xsd</Extensions>
    </Filter>
    <Filter Include="Resource Files">
      <UniqueIdentifier>{67DA6AB6-F800-4c08-8B7A-83BB121AAD01}</UniqueIdentifier>
      <Extensions>rc;ico;cur;bmp;dlg;rc2;rct;bin;rgs;gif;jpg;jpeg;jpe;resx;tiff;tif;png;wav;mfcribbon-ms</Extensions>
    </Filter>
    <Filter Include="External">
      <UniqueIdentifier>{44cc23c2-2274-4521-ad04-39107f515d7b}</UniqueIdentifier>
    </Filter>
    <Filter Include="External\xxHash">
      <UniqueIdentifier>{6fd6e51a-5711-480b-bb59-fe677864f7e6}</UniqueIdentifier>
    </Filter>
    <Filter Include="External\tinyxml2">
      <UniqueIdentifier>{fbf78c7f-87fe-4adf-84ce-a731cce2c876}</UniqueIdentifier>
    </Filter>
  </ItemGroup>
  <ItemGroup>
    <ClInclude Include="framework.h">
      <Filter>Header Files</Filter>
    </ClInclude>
    <ClInclude Include="targetver.h">
      <Filter>Header Files</Filter>
    </ClInclude>
    <ClInclude Include="Resource.h">
      <Filter>Header Files</Filter>
    </ClInclude>
    <ClInclude Include="CWnd.h">
      <Filter>Header Files</Filter>
    </ClInclude>
    <ClInclude Include="CConfig.h">
      <Filter>Header Files</Filter>
    </ClInclude>
    <ClInclude Include="Settings.h">
      <Filter>Header Files</Filter>
    </ClInclude>
    <ClInclude Include="..\External\xxHash\xxh3.h">
      <Filter>External\xxHash</Filter>
    </ClInclude>
    <ClInclude Include="..\External\xxHash\xxhash.h">
      <Filter>External\xxHash</Filter>
    </ClInclude>
    <ClInclude Include="..\External\tinyxml2\tinyxml2.h">
      <Filter>External\tinyxml2</Filter>
    </ClInclude>
  </ItemGroup>
  <ItemGroup>
    <ClCompile Include="CWnd.cpp">
      <Filter>Source Files</Filter>
    </ClCompile>
    <ClCompile Include="CConfig.cpp">
      <Filter>Source Files</Filter>
    </ClCompile>
    <ClCompile Include="Settings.cpp">
      <Filter>Source Files</Filter>
    </ClCompile>
    <ClCompile Include="admin.cpp">
      <Filter>Source Files</Filter>
    </ClCompile>
    <ClCompile Include="Launcher.cpp">
      <Filter>Source Files</Filter>
    </ClCompile>
    <ClCompile Include="..\External\xxHash\xxhash.c">
      <Filter>External\xxHash</Filter>
    </ClCompile>
    <ClCompile Include="..\External\tinyxml2\tinyxml2.cpp">
      <Filter>External\tinyxml2</Filter>
    </ClCompile>
  </ItemGroup>
  <ItemGroup>
    <Image Include="Launcher.ico">
      <Filter>Resource Files</Filter>
    </Image>
  </ItemGroup>
  <ItemGroup>
    <ResourceCompile Include="Launcher.rc">
      <Filter>Resource Files</Filter>
    </ResourceCompile>
  </ItemGroup>
</Project>